
Microsoft Visual Studio Solution File, Format Version 12.00
# Visual Studio 15
VisualStudioVersion = 15.0.27703.2026
MinimumVisualStudioVersion = 10.0.40219.1
Project("{FAE04EC0-301F-11D3-BF4B-00C04F79EFBC}") = "PrimeNumbersSignalR", "PrimeNumbersSignalR\PrimeNumbersSignalR.csproj", "{83494920-DEDB-4009-9487-D617CA8078ED}"
EndProject
Project("{FAE04EC0-301F-11D3-BF4B-00C04F79EFBC}") = "PrimeNumbersSignalR.Tests", "PrimeNumbersSignalR.Tests\PrimeNumbersSignalR.Tests.csproj", "{343EEB2A-DA85-4368-BF06-864824AAD5FE}"
EndProject
Project("{2150E333-8FDC-42A3-9474-1A3956D46DE8}") = "Tests", "Tests", "{5669646B-C972-4A84-9741-F8FBF2C8EAF6}"
EndProject
Global
	GlobalSection(SolutionConfigurationPlatforms) = preSolution
		Debug|Any CPU = Debug|Any CPU
		Release|Any CPU = Release|Any CPU
	EndGlobalSection
	GlobalSection(ProjectConfigurationPlatforms) = postSolution
		{83494920-DEDB-4009-9487-D617CA8078ED}.Debug|Any CPU.ActiveCfg = Debug|Any CPU
		{83494920-DEDB-4009-9487-D617CA8078ED}.Debug|Any CPU.Build.0 = Debug|Any CPU
		{83494920-DEDB-4009-9487-D617CA8078ED}.Release|Any CPU.ActiveCfg = Release|Any CPU
		{83494920-DEDB-4009-9487-D617CA8078ED}.Release|Any CPU.Build.0 = Release|Any CPU
		{343EEB2A-DA85-4368-BF06-864824AAD5FE}.Debug|Any CPU.ActiveCfg = Debug|Any CPU
		{343EEB2A-DA85-4368-BF06-864824AAD5FE}.Debug|Any CPU.Build.0 = Debug|Any CPU
		{343EEB2A-DA85-4368-BF06-864824AAD5FE}.Release|Any CPU.ActiveCfg = Release|Any CPU
		{343EEB2A-DA85-4368-BF06-864824AAD5FE}.Release|Any CPU.Build.0 = Release|Any CPU
	EndGlobalSection
	GlobalSection(SolutionProperties) = preSolution
		HideSolutionNode = FALSE
	EndGlobalSection
	GlobalSection(NestedProjects) = preSolution
		{343EEB2A-DA85-4368-BF06-864824AAD5FE} = {5669646B-C972-4A84-9741-F8FBF2C8EAF6}
	EndGlobalSection
	GlobalSection(ExtensibilityGlobals) = postSolution
		SolutionGuid = {A37EF51C-0EB2-4A6F-96C1-166DBC30D372}
	EndGlobalSection
EndGlobal
